
Microsoft Visual Studio Solution File, Format Version 12.00
# Visual Studio Version 17
VisualStudioVersion = 17.10.35201.131
MinimumVisualStudioVersion = 10.0.40219.1
Project("{9A19103F-16F7-4668-BE54-9A1E7A4F7556}") = "ASP.NET CORE Project1", "ASP.NET CORE Project1\ASP.NET CORE Project1.csproj", "{F61C4264-0399-48FF-A2C1-B9C92562DB41}"
EndProject
Global
	GlobalSection(SolutionConfigurationPlatforms) = preSolution
		Debug|Any CPU = Debug|Any CPU
		Release|Any CPU = Release|Any CPU
	EndGlobalSection
	GlobalSection(ProjectConfigurationPlatforms) = postSolution
		{F61C4264-0399-48FF-A2C1-B9C92562DB41}.Debug|Any CPU.ActiveCfg = Debug|Any CPU
		{F61C4264-0399-48FF-A2C1-B9C92562DB41}.Debug|Any CPU.Build.0 = Debug|Any CPU
		{F61C4264-0399-48FF-A2C1-B9C92562DB41}.Release|Any CPU.ActiveCfg = Release|Any CPU
		{F61C4264-0399-48FF-A2C1-B9C92562DB41}.Release|Any CPU.Build.0 = Release|Any CPU
	EndGlobalSection
	GlobalSection(SolutionProperties) = preSolution
		HideSolutionNode = FALSE
	EndGlobalSection
	GlobalSection(ExtensibilityGlobals) = postSolution
		SolutionGuid = {CAA8D50C-D1A8-42D5-9FC3-CAEF210E7238}
	EndGlobalSection
EndGlobal
